
Microsoft Visual Studio Solution File, Format Version 12.00
# Visual Studio 15
VisualStudioVersion = 15.0.26730.12
MinimumVisualStudioVersion = 10.0.40219.1
Project("{FAE04EC0-301F-11D3-BF4B-00C04F79EFBC}") = "iMotto.Api", "iMotto.Api\iMotto.Api.csproj", "{48E65FA5-20E3-4D5D-A6E8-3C1BB475912B}"
EndProject
Project("{9A19103F-16F7-4668-BE54-9A1E7A4F7556}") = "iMotto.Adapter", "iMotto.Adapter\iMotto.Adapter.csproj", "{BAA1E288-FA7E-43E4-BDEA-DF3F54DD88CF}"
EndProject
Project("{FAE04EC0-301F-11D3-BF4B-00C04F79EFBC}") = "iMotto.Data.Entities", "iMotto.Data.Entities\iMotto.Data.Entities.csproj", "{18752CD8-C679-4311-8B7C-E11299D66216}"
EndProject
Project("{FAE04EC0-301F-11D3-BF4B-00C04F79EFBC}") = "iMotto.Data", "iMotto.Data\iMotto.Data.csproj", "{BF53E9C3-9A2F-49F5-8941-07DFFC47D98F}"
EndProject
Project("{FAE04EC0-301F-11D3-BF4B-00C04F79EFBC}") = "iMotto.Data.Dapper", "iMotto.Data.Dapper\iMotto.Data.Dapper.csproj", "{9A25E9DD-430B-40C1-82F9-D2828EA97B03}"
EndProject
Project("{FAE04EC0-301F-11D3-BF4B-00C04F79EFBC}") = "iMotto.Common", "iMotto.Common\iMotto.Common.csproj", "{C4CDB20A-25DD-4F6C-BEE8-2FC396B17097}"
EndProject
Project("{FAE04EC0-301F-11D3-BF4B-00C04F79EFBC}") = "iMotto.Cache", "iMotto.Cache\iMotto.Cache.csproj", "{5B23448C-F5E9-450C-B93F-48557F720490}"
EndProject
Project("{FAE04EC0-301F-11D3-BF4B-00C04F79EFBC}") = "iMotto.Events", "iMotto.Events\iMotto.Events.csproj", "{B5C9C55B-1D7C-49B4-A3BF-1817F5F60C55}"
EndProject
Global
	GlobalSection(SolutionConfigurationPlatforms) = preSolution
		Debug|Any CPU = Debug|Any CPU
		Release|Any CPU = Release|Any CPU
	EndGlobalSection
	GlobalSection(ProjectConfigurationPlatforms) = postSolution
		{48E65FA5-20E3-4D5D-A6E8-3C1BB475912B}.Debug|Any CPU.ActiveCfg = Debug|Any CPU
		{48E65FA5-20E3-4D5D-A6E8-3C1BB475912B}.Debug|Any CPU.Build.0 = Debug|Any CPU
		{48E65FA5-20E3-4D5D-A6E8-3C1BB475912B}.Release|Any CPU.ActiveCfg = Release|Any CPU
		{48E65FA5-20E3-4D5D-A6E8-3C1BB475912B}.Release|Any CPU.Build.0 = Release|Any CPU
		{BAA1E288-FA7E-43E4-BDEA-DF3F54DD88CF}.Debug|Any CPU.ActiveCfg = Debug|Any CPU
		{BAA1E288-FA7E-43E4-BDEA-DF3F54DD88CF}.Debug|Any CPU.Build.0 = Debug|Any CPU
		{BAA1E288-FA7E-43E4-BDEA-DF3F54DD88CF}.Release|Any CPU.ActiveCfg = Release|Any CPU
		{BAA1E288-FA7E-43E4-BDEA-DF3F54DD88CF}.Release|Any CPU.Build.0 = Release|Any CPU
		{18752CD8-C679-4311-8B7C-E11299D66216}.Debug|Any CPU.ActiveCfg = Debug|Any CPU
		{18752CD8-C679-4311-8B7C-E11299D66216}.Debug|Any CPU.Build.0 = Debug|Any CPU
		{18752CD8-C679-4311-8B7C-E11299D66216}.Release|Any CPU.ActiveCfg = Release|Any CPU
		{18752CD8-C679-4311-8B7C-E11299D66216}.Release|Any CPU.Build.0 = Release|Any CPU
		{BF53E9C3-9A2F-49F5-8941-07DFFC47D98F}.Debug|Any CPU.ActiveCfg = Debug|Any CPU
		{BF53E9C3-9A2F-49F5-8941-07DFFC47D98F}.Debug|Any CPU.Build.0 = Debug|Any CPU
		{BF53E9C3-9A2F-49F5-8941-07DFFC47D98F}.Release|Any CPU.ActiveCfg = Release|Any CPU
		{BF53E9C3-9A2F-49F5-8941-07DFFC47D98F}.Release|Any CPU.Build.0 = Release|Any CPU
		{9A25E9DD-430B-40C1-82F9-D2828EA97B03}.Debug|Any CPU.ActiveCfg = Debug|Any CPU
		{9A25E9DD-430B-40C1-82F9-D2828EA97B03}.Debug|Any CPU.Build.0 = Debug|Any CPU
		{9A25E9DD-430B-40C1-82F9-D2828EA97B03}.Release|Any CPU.ActiveCfg = Release|Any CPU
		{9A25E9DD-430B-40C1-82F9-D2828EA97B03}.Release|Any CPU.Build.0 = Release|Any CPU
		{C4CDB20A-25DD-4F6C-BEE8-2FC396B17097}.Debug|Any CPU.ActiveCfg = Debug|Any CPU
		{C4CDB20A-25DD-4F6C-BEE8-2FC396B17097}.Debug|Any CPU.Build.0 = Debug|Any CPU
		{C4CDB20A-25DD-4F6C-BEE8-2FC396B17097}.Release|Any CPU.ActiveCfg = Release|Any CPU
		{C4CDB20A-25DD-4F6C-BEE8-2FC396B17097}.Release|Any CPU.Build.0 = Release|Any CPU
		{5B23448C-F5E9-450C-B93F-48557F720490}.Debug|Any CPU.ActiveCfg = Debug|Any CPU
		{5B23448C-F5E9-450C-B93F-48557F720490}.Debug|Any CPU.Build.0 = Debug|Any CPU
		{5B23448C-F5E9-450C-B93F-48557F720490}.Release|Any CPU.ActiveCfg = Release|Any CPU
		{5B23448C-F5E9-450C-B93F-48557F720490}.Release|Any CPU.Build.0 = Release|Any CPU
		{B5C9C55B-1D7C-49B4-A3BF-1817F5F60C55}.Debug|Any CPU.ActiveCfg = Debug|Any CPU
		{B5C9C55B-1D7C-49B4-A3BF-1817F5F60C55}.Debug|Any CPU.Build.0 = Debug|Any CPU
		{B5C9C55B-1D7C-49B4-A3BF-1817F5F60C55}.Release|Any CPU.ActiveCfg = Release|Any CPU
		{B5C9C55B-1D7C-49B4-A3BF-1817F5F60C55}.Release|Any CPU.Build.0 = Release|Any CPU
	EndGlobalSection
	GlobalSection(SolutionProperties) = preSolution
		HideSolutionNode = FALSE
	EndGlobalSection
	GlobalSection(ExtensibilityGlobals) = postSolution
		SolutionGuid = {A2AD9B06-B9EA-4D0C-AF6C-59C444DC324A}
	EndGlobalSection
EndGlobal
