
Microsoft Visual Studio Solution File, Format Version 12.00
# Visual Studio 15
VisualStudioVersion = 15.0.26730.12
MinimumVisualStudioVersion = 10.0.40219.1
Project("{FAE04EC0-301F-11D3-BF4B-00C04F79EFBC}") = "iMotto.Api", "iMotto.Api\iMotto.Api.csproj", "{48E65FA5-20E3-4D5D-A6E8-3C1BB475912B}"
EndProject
Global
	GlobalSection(SolutionConfigurationPlatforms) = preSolution
		Debug|Any CPU = Debug|Any CPU
		Release|Any CPU = Release|Any CPU
	EndGlobalSection
	GlobalSection(ProjectConfigurationPlatforms) = postSolution
		{48E65FA5-20E3-4D5D-A6E8-3C1BB475912B}.Debug|Any CPU.ActiveCfg = Debug|Any CPU
		{48E65FA5-20E3-4D5D-A6E8-3C1BB475912B}.Debug|Any CPU.Build.0 = Debug|Any CPU
		{48E65FA5-20E3-4D5D-A6E8-3C1BB475912B}.Release|Any CPU.ActiveCfg = Release|Any CPU
		{48E65FA5-20E3-4D5D-A6E8-3C1BB475912B}.Release|Any CPU.Build.0 = Release|Any CPU
	EndGlobalSection
	GlobalSection(SolutionProperties) = preSolution
		HideSolutionNode = FALSE
	EndGlobalSection
	GlobalSection(ExtensibilityGlobals) = postSolution
		SolutionGuid = {A2AD9B06-B9EA-4D0C-AF6C-59C444DC324A}
	EndGlobalSection
EndGlobal
